
Microsoft Visual Studio Solution File, Format Version 12.00
# Visual Studio Version 17
VisualStudioVersion = 17.0.31903.59
MinimumVisualStudioVersion = 10.0.40219.1
Project("{9A19103F-16F7-4668-BE54-9A1E7A4F7556}") = "BuberDinner.Domain", "BubberDinner.Domain\BuberDinner.Domain.csproj", "{1F76B885-443B-40CB-AD53-1E8F08430BCF}"
EndProject
Project("{9A19103F-16F7-4668-BE54-9A1E7A4F7556}") = "BuberDinner.Api", "BuberDinner.Api\BuberDinner.Api.csproj", "{ED4B7F28-4ABA-4453-AEBD-263454CCC037}"
EndProject
Project("{9A19103F-16F7-4668-BE54-9A1E7A4F7556}") = "BuberDinner.Contracts", "BuberDinner.Contracts\BuberDinner.Contracts.csproj", "{94D43962-1DC4-4659-A437-6D3F077EC109}"
EndProject
Project("{9A19103F-16F7-4668-BE54-9A1E7A4F7556}") = "BuberDinner.Application", "BuberDinner.Application\BuberDinner.Application.csproj", "{450250D1-D3F1-4280-8DC9-1D0965FE1914}"
EndProject
Project("{FAE04EC0-301F-11D3-BF4B-00C04F79EFBC}") = "BuberDiner.Infrastructure", "BuberDiner.Infrastructure\BuberDiner.Infrastructure.csproj", "{61BB882C-8A94-47F0-B95F-C4B7EA57A618}"
EndProject
Global
	GlobalSection(SolutionConfigurationPlatforms) = preSolution
		Debug|Any CPU = Debug|Any CPU
		Release|Any CPU = Release|Any CPU
	EndGlobalSection
	GlobalSection(ProjectConfigurationPlatforms) = postSolution
		{1F76B885-443B-40CB-AD53-1E8F08430BCF}.Debug|Any CPU.ActiveCfg = Debug|Any CPU
		{1F76B885-443B-40CB-AD53-1E8F08430BCF}.Debug|Any CPU.Build.0 = Debug|Any CPU
		{1F76B885-443B-40CB-AD53-1E8F08430BCF}.Release|Any CPU.ActiveCfg = Release|Any CPU
		{1F76B885-443B-40CB-AD53-1E8F08430BCF}.Release|Any CPU.Build.0 = Release|Any CPU
		{ED4B7F28-4ABA-4453-AEBD-263454CCC037}.Debug|Any CPU.ActiveCfg = Debug|Any CPU
		{ED4B7F28-4ABA-4453-AEBD-263454CCC037}.Debug|Any CPU.Build.0 = Debug|Any CPU
		{ED4B7F28-4ABA-4453-AEBD-263454CCC037}.Release|Any CPU.ActiveCfg = Release|Any CPU
		{ED4B7F28-4ABA-4453-AEBD-263454CCC037}.Release|Any CPU.Build.0 = Release|Any CPU
		{94D43962-1DC4-4659-A437-6D3F077EC109}.Debug|Any CPU.ActiveCfg = Debug|Any CPU
		{94D43962-1DC4-4659-A437-6D3F077EC109}.Debug|Any CPU.Build.0 = Debug|Any CPU
		{94D43962-1DC4-4659-A437-6D3F077EC109}.Release|Any CPU.ActiveCfg = Release|Any CPU
		{94D43962-1DC4-4659-A437-6D3F077EC109}.Release|Any CPU.Build.0 = Release|Any CPU
		{450250D1-D3F1-4280-8DC9-1D0965FE1914}.Debug|Any CPU.ActiveCfg = Debug|Any CPU
		{450250D1-D3F1-4280-8DC9-1D0965FE1914}.Debug|Any CPU.Build.0 = Debug|Any CPU
		{450250D1-D3F1-4280-8DC9-1D0965FE1914}.Release|Any CPU.ActiveCfg = Release|Any CPU
		{450250D1-D3F1-4280-8DC9-1D0965FE1914}.Release|Any CPU.Build.0 = Release|Any CPU
		{61BB882C-8A94-47F0-B95F-C4B7EA57A618}.Debug|Any CPU.ActiveCfg = Debug|Any CPU
		{61BB882C-8A94-47F0-B95F-C4B7EA57A618}.Debug|Any CPU.Build.0 = Debug|Any CPU
		{61BB882C-8A94-47F0-B95F-C4B7EA57A618}.Release|Any CPU.ActiveCfg = Release|Any CPU
		{61BB882C-8A94-47F0-B95F-C4B7EA57A618}.Release|Any CPU.Build.0 = Release|Any CPU
	EndGlobalSection
	GlobalSection(SolutionProperties) = preSolution
		HideSolutionNode = FALSE
	EndGlobalSection
	GlobalSection(ExtensibilityGlobals) = postSolution
		SolutionGuid = {F376CF5D-1135-4457-A5D6-F6ED073C5379}
	EndGlobalSection
EndGlobal
